
Microsoft Visual Studio Solution File, Format Version 12.00
# Visual Studio 15
VisualStudioVersion = 15.0.28307.438
MinimumVisualStudioVersion = 10.0.40219.1
Project("{FAE04EC0-301F-11D3-BF4B-00C04F79EFBC}") = "HelpDeskPrism", "HelpDeskPrism\HelpDeskPrism.csproj", "{CD762A9F-7F57-40EA-8DE6-D719684D314C}"
EndProject
Project("{2150E333-8FDC-42A3-9474-1A3956D46DE8}") = "Modules", "Modules", "{7143E7C6-439E-48EA-B7DE-E40DB1C49D58}"
EndProject
Project("{2150E333-8FDC-42A3-9474-1A3956D46DE8}") = "Business", "Business", "{BCB9E429-4759-4339-B2FE-560FAEF381C1}"
EndProject
Project("{FAE04EC0-301F-11D3-BF4B-00C04F79EFBC}") = "Home", "Modules\Home\Home.csproj", "{C8293928-AB47-4F8F-AD08-A66F6ACB6743}"
EndProject
Project("{FAE04EC0-301F-11D3-BF4B-00C04F79EFBC}") = "MyIT", "Modules\MyIT\MyIT.csproj", "{6768577A-F0B3-4A77-98A5-1A7166B2565E}"
EndProject
Project("{FAE04EC0-301F-11D3-BF4B-00C04F79EFBC}") = "ReportCenter", "Modules\ReportCenter\ReportCenter.csproj", "{C01D4C17-AA4A-4B30-B503-57881F06291A}"
EndProject
Project("{FAE04EC0-301F-11D3-BF4B-00C04F79EFBC}") = "Assets", "Modules\Assets\Assets.csproj", "{2616B4C6-E0B1-476C-BCF5-F1199E8868BF}"
EndProject
Project("{FAE04EC0-301F-11D3-BF4B-00C04F79EFBC}") = "Purchasing", "Modules\Purchasing\Purchasing.csproj", "{E1332354-3F1F-4ED8-90E0-988B4FA02EC7}"
EndProject
Project("{FAE04EC0-301F-11D3-BF4B-00C04F79EFBC}") = "HelpDeskPrism.Infrastructure", "HelpDeskPrism.Infrastructure\HelpDeskPrism.Infrastructure.csproj", "{AF12B79D-7C0E-42F0-AEF4-8E42BAD87F58}"
EndProject
Global
	GlobalSection(SolutionConfigurationPlatforms) = preSolution
		Debug|Any CPU = Debug|Any CPU
		Release|Any CPU = Release|Any CPU
	EndGlobalSection
	GlobalSection(ProjectConfigurationPlatforms) = postSolution
		{CD762A9F-7F57-40EA-8DE6-D719684D314C}.Debug|Any CPU.ActiveCfg = Debug|Any CPU
		{CD762A9F-7F57-40EA-8DE6-D719684D314C}.Debug|Any CPU.Build.0 = Debug|Any CPU
		{CD762A9F-7F57-40EA-8DE6-D719684D314C}.Release|Any CPU.ActiveCfg = Release|Any CPU
		{CD762A9F-7F57-40EA-8DE6-D719684D314C}.Release|Any CPU.Build.0 = Release|Any CPU
		{C8293928-AB47-4F8F-AD08-A66F6ACB6743}.Debug|Any CPU.ActiveCfg = Debug|Any CPU
		{C8293928-AB47-4F8F-AD08-A66F6ACB6743}.Debug|Any CPU.Build.0 = Debug|Any CPU
		{C8293928-AB47-4F8F-AD08-A66F6ACB6743}.Release|Any CPU.ActiveCfg = Release|Any CPU
		{C8293928-AB47-4F8F-AD08-A66F6ACB6743}.Release|Any CPU.Build.0 = Release|Any CPU
		{6768577A-F0B3-4A77-98A5-1A7166B2565E}.Debug|Any CPU.ActiveCfg = Debug|Any CPU
		{6768577A-F0B3-4A77-98A5-1A7166B2565E}.Debug|Any CPU.Build.0 = Debug|Any CPU
		{6768577A-F0B3-4A77-98A5-1A7166B2565E}.Release|Any CPU.ActiveCfg = Release|Any CPU
		{6768577A-F0B3-4A77-98A5-1A7166B2565E}.Release|Any CPU.Build.0 = Release|Any CPU
		{C01D4C17-AA4A-4B30-B503-57881F06291A}.Debug|Any CPU.ActiveCfg = Debug|Any CPU
		{C01D4C17-AA4A-4B30-B503-57881F06291A}.Debug|Any CPU.Build.0 = Debug|Any CPU
		{C01D4C17-AA4A-4B30-B503-57881F06291A}.Release|Any CPU.ActiveCfg = Release|Any CPU
		{C01D4C17-AA4A-4B30-B503-57881F06291A}.Release|Any CPU.Build.0 = Release|Any CPU
		{2616B4C6-E0B1-476C-BCF5-F1199E8868BF}.Debug|Any CPU.ActiveCfg = Debug|Any CPU
		{2616B4C6-E0B1-476C-BCF5-F1199E8868BF}.Debug|Any CPU.Build.0 = Debug|Any CPU
		{2616B4C6-E0B1-476C-BCF5-F1199E8868BF}.Release|Any CPU.ActiveCfg = Release|Any CPU
		{2616B4C6-E0B1-476C-BCF5-F1199E8868BF}.Release|Any CPU.Build.0 = Release|Any CPU
		{E1332354-3F1F-4ED8-90E0-988B4FA02EC7}.Debug|Any CPU.ActiveCfg = Debug|Any CPU
		{E1332354-3F1F-4ED8-90E0-988B4FA02EC7}.Debug|Any CPU.Build.0 = Debug|Any CPU
		{E1332354-3F1F-4ED8-90E0-988B4FA02EC7}.Release|Any CPU.ActiveCfg = Release|Any CPU
		{E1332354-3F1F-4ED8-90E0-988B4FA02EC7}.Release|Any CPU.Build.0 = Release|Any CPU
		{AF12B79D-7C0E-42F0-AEF4-8E42BAD87F58}.Debug|Any CPU.ActiveCfg = Debug|Any CPU
		{AF12B79D-7C0E-42F0-AEF4-8E42BAD87F58}.Debug|Any CPU.Build.0 = Debug|Any CPU
		{AF12B79D-7C0E-42F0-AEF4-8E42BAD87F58}.Release|Any CPU.ActiveCfg = Release|Any CPU
		{AF12B79D-7C0E-42F0-AEF4-8E42BAD87F58}.Release|Any CPU.Build.0 = Release|Any CPU
	EndGlobalSection
	GlobalSection(SolutionProperties) = preSolution
		HideSolutionNode = FALSE
	EndGlobalSection
	GlobalSection(NestedProjects) = preSolution
		{C8293928-AB47-4F8F-AD08-A66F6ACB6743} = {7143E7C6-439E-48EA-B7DE-E40DB1C49D58}
		{6768577A-F0B3-4A77-98A5-1A7166B2565E} = {7143E7C6-439E-48EA-B7DE-E40DB1C49D58}
		{C01D4C17-AA4A-4B30-B503-57881F06291A} = {7143E7C6-439E-48EA-B7DE-E40DB1C49D58}
		{2616B4C6-E0B1-476C-BCF5-F1199E8868BF} = {7143E7C6-439E-48EA-B7DE-E40DB1C49D58}
		{E1332354-3F1F-4ED8-90E0-988B4FA02EC7} = {7143E7C6-439E-48EA-B7DE-E40DB1C49D58}
	EndGlobalSection
	GlobalSection(ExtensibilityGlobals) = postSolution
		SolutionGuid = {1D6191D9-F0AC-459B-927E-650A05522475}
	EndGlobalSection
EndGlobal
